
Microsoft Visual Studio Solution File, Format Version 12.00
# Visual Studio Version 17
VisualStudioVersion = 17.3.32929.385
MinimumVisualStudioVersion = 10.0.40219.1
Project("{8BC9CEB8-8B4A-11D0-8D11-00A0C91BC942}") = "TareaTres", "TareaTres\TareaTres.vcxproj", "{AE1B2E46-D514-4B61-A9AB-016085439F30}"
EndProject
Global
	GlobalSection(SolutionConfigurationPlatforms) = preSolution
		Debug|x64 = Debug|x64
		Debug|x86 = Debug|x86
		Release|x64 = Release|x64
		Release|x86 = Release|x86
	EndGlobalSection
	GlobalSection(ProjectConfigurationPlatforms) = postSolution
		{AE1B2E46-D514-4B61-A9AB-016085439F30}.Debug|x64.ActiveCfg = Debug|x64
		{AE1B2E46-D514-4B61-A9AB-016085439F30}.Debug|x64.Build.0 = Debug|x64
		{AE1B2E46-D514-4B61-A9AB-016085439F30}.Debug|x86.ActiveCfg = Debug|Win32
		{AE1B2E46-D514-4B61-A9AB-016085439F30}.Debug|x86.Build.0 = Debug|Win32
		{AE1B2E46-D514-4B61-A9AB-016085439F30}.Release|x64.ActiveCfg = Release|x64
		{AE1B2E46-D514-4B61-A9AB-016085439F30}.Release|x64.Build.0 = Release|x64
		{AE1B2E46-D514-4B61-A9AB-016085439F30}.Release|x86.ActiveCfg = Release|Win32
		{AE1B2E46-D514-4B61-A9AB-016085439F30}.Release|x86.Build.0 = Release|Win32
	EndGlobalSection
	GlobalSection(SolutionProperties) = preSolution
		HideSolutionNode = FALSE
	EndGlobalSection
	GlobalSection(ExtensibilityGlobals) = postSolution
		SolutionGuid = {026211F7-87EF-4E4C-BF92-D5989BCF52D7}
	EndGlobalSection
EndGlobal
